// !$*UTF8*$!
{
	archiveVersion = 1;
	classes = {
	};
	objectVersion = 50;
	objects = {

/* Begin PBXBuildFile section */
		241FF4DE57E31D8CAD95E08C /* Pods_Sticktime.framework in Frameworks */ = {isa = PBXBuildFile; fileRef = 68E33B69B6E1EE4C61FC2422 /* Pods_Sticktime.framework */; };
		32BCBF1320CC450400B07040 /* TeamEntryTableViewController.swift in Sources */ = {isa = PBXBuildFile; fileRef = 32BCBF1220CC450400B07040 /* TeamEntryTableViewController.swift */; };
		32BCBF1720CC4DEB00B07040 /* TableViewCell.swift in Sources */ = {isa = PBXBuildFile; fileRef = 32BCBF1620CC4DEB00B07040 /* TableViewCell.swift */; };
		32BEC2B320C21DCC002ED448 /* CollectionViewCell.swift in Sources */ = {isa = PBXBuildFile; fileRef = 32BEC2B220C21DCC002ED448 /* CollectionViewCell.swift */; };
		32CF1BA820C215C9000480FB /* AppDelegate.swift in Sources */ = {isa = PBXBuildFile; fileRef = 32CF1BA720C215C9000480FB /* AppDelegate.swift */; };
		32CF1BAA20C215C9000480FB /* ViewController.swift in Sources */ = {isa = PBXBuildFile; fileRef = 32CF1BA920C215C9000480FB /* ViewController.swift */; };
		32CF1BAD20C215C9000480FB /* Main.storyboard in Resources */ = {isa = PBXBuildFile; fileRef = 32CF1BAB20C215C9000480FB /* Main.storyboard */; };
		32CF1BB020C215C9000480FB /* Sticktime.xcdatamodeld in Sources */ = {isa = PBXBuildFile; fileRef = 32CF1BAE20C215C9000480FB /* Sticktime.xcdatamodeld */; };
		32CF1BB220C215CA000480FB /* Assets.xcassets in Resources */ = {isa = PBXBuildFile; fileRef = 32CF1BB120C215CA000480FB /* Assets.xcassets */; };
		32CF1BB520C215CA000480FB /* LaunchScreen.storyboard in Resources */ = {isa = PBXBuildFile; fileRef = 32CF1BB320C215CA000480FB /* LaunchScreen.storyboard */; };
		32CF1BC020C215CA000480FB /* SticktimeTests.swift in Sources */ = {isa = PBXBuildFile; fileRef = 32CF1BBF20C215CA000480FB /* SticktimeTests.swift */; };
		32CF1BCB20C215CA000480FB /* SticktimeUITests.swift in Sources */ = {isa = PBXBuildFile; fileRef = 32CF1BCA20C215CA000480FB /* SticktimeUITests.swift */; };
		43F9A4FA45676EC3462CF4CB /* Pods_SticktimeTests.framework in Frameworks */ = {isa = PBXBuildFile; fileRef = E37F83B51935F7D64216F790 /* Pods_SticktimeTests.framework */; };
		8280370B20D20DBE005DAD1F /* GoogleService-Info.plist in Resources */ = {isa = PBXBuildFile; fileRef = 8280370A20D20DBE005DAD1F /* GoogleService-Info.plist */; };
		828748AF20CDB86000E55F56 /* User.swift in Sources */ = {isa = PBXBuildFile; fileRef = 828748AE20CDB86000E55F56 /* User.swift */; };
		828748B120CDBA7400E55F56 /* Player.swift in Sources */ = {isa = PBXBuildFile; fileRef = 828748B020CDBA7400E55F56 /* Player.swift */; };
		828F7B8320D4A67D00B6FD75 /* CollectionReusableView.swift in Sources */ = {isa = PBXBuildFile; fileRef = 828F7B8220D4A67D00B6FD75 /* CollectionReusableView.swift */; };
		D05099B34A8EC634265EA062 /* Pods_SticktimeUITests.framework in Frameworks */ = {isa = PBXBuildFile; fileRef = 61DC4020C9029E4C980CD820 /* Pods_SticktimeUITests.framework */; };
/* End PBXBuildFile section */

/* Begin PBXContainerItemProxy section */
		32CF1BBC20C215CA000480FB /* PBXContainerItemProxy */ = {
			isa = PBXContainerItemProxy;
			containerPortal = 32CF1B9C20C215C9000480FB /* Project object */;
			proxyType = 1;
			remoteGlobalIDString = 32CF1BA320C215C9000480FB;
			remoteInfo = Sticktime;
		};
		32CF1BC720C215CA000480FB /* PBXContainerItemProxy */ = {
			isa = PBXContainerItemProxy;
			containerPortal = 32CF1B9C20C215C9000480FB /* Project object */;
			proxyType = 1;
			remoteGlobalIDString = 32CF1BA320C215C9000480FB;
			remoteInfo = Sticktime;
		};
/* End PBXContainerItemProxy section */

/* Begin PBXFileReference section */
		1ADD7515E312ADD4B8FCA39B /* Pods-SticktimeUITests.release.xcconfig */ = {isa = PBXFileReference; includeInIndex = 1; lastKnownFileType = text.xcconfig; name = "Pods-SticktimeUITests.release.xcconfig"; path = "Pods/Target Support Files/Pods-SticktimeUITests/Pods-SticktimeUITests.release.xcconfig"; sourceTree = "<group>"; };
		32BCBF1220CC450400B07040 /* TeamEntryTableViewController.swift */ = {isa = PBXFileReference; lastKnownFileType = sourcecode.swift; path = TeamEntryTableViewController.swift; sourceTree = "<group>"; };
		32BCBF1620CC4DEB00B07040 /* TableViewCell.swift */ = {isa = PBXFileReference; lastKnownFileType = sourcecode.swift; path = TableViewCell.swift; sourceTree = "<group>"; };
		32BEC2B220C21DCC002ED448 /* CollectionViewCell.swift */ = {isa = PBXFileReference; lastKnownFileType = sourcecode.swift; path = CollectionViewCell.swift; sourceTree = "<group>"; };
		32CF1BA420C215C9000480FB /* Sticktime.app */ = {isa = PBXFileReference; explicitFileType = wrapper.application; includeInIndex = 0; path = Sticktime.app; sourceTree = BUILT_PRODUCTS_DIR; };
		32CF1BA720C215C9000480FB /* AppDelegate.swift */ = {isa = PBXFileReference; lastKnownFileType = sourcecode.swift; path = AppDelegate.swift; sourceTree = "<group>"; };
		32CF1BA920C215C9000480FB /* ViewController.swift */ = {isa = PBXFileReference; lastKnownFileType = sourcecode.swift; path = ViewController.swift; sourceTree = "<group>"; };
		32CF1BAC20C215C9000480FB /* Base */ = {isa = PBXFileReference; lastKnownFileType = file.storyboard; name = Base; path = Base.lproj/Main.storyboard; sourceTree = "<group>"; };
		32CF1BAF20C215C9000480FB /* Sticktime.xcdatamodel */ = {isa = PBXFileReference; lastKnownFileType = wrapper.xcdatamodel; path = Sticktime.xcdatamodel; sourceTree = "<group>"; };
		32CF1BB120C215CA000480FB /* Assets.xcassets */ = {isa = PBXFileReference; lastKnownFileType = folder.assetcatalog; path = Assets.xcassets; sourceTree = "<group>"; };
		32CF1BB420C215CA000480FB /* Base */ = {isa = PBXFileReference; lastKnownFileType = file.storyboard; name = Base; path = Base.lproj/LaunchScreen.storyboard; sourceTree = "<group>"; };
		32CF1BB620C215CA000480FB /* Info.plist */ = {isa = PBXFileReference; lastKnownFileType = text.plist.xml; path = Info.plist; sourceTree = "<group>"; };
		32CF1BBB20C215CA000480FB /* SticktimeTests.xctest */ = {isa = PBXFileReference; explicitFileType = wrapper.cfbundle; includeInIndex = 0; path = SticktimeTests.xctest; sourceTree = BUILT_PRODUCTS_DIR; };
		32CF1BBF20C215CA000480FB /* SticktimeTests.swift */ = {isa = PBXFileReference; lastKnownFileType = sourcecode.swift; path = SticktimeTests.swift; sourceTree = "<group>"; };
		32CF1BC120C215CA000480FB /* Info.plist */ = {isa = PBXFileReference; lastKnownFileType = text.plist.xml; path = Info.plist; sourceTree = "<group>"; };
		32CF1BC620C215CA000480FB /* SticktimeUITests.xctest */ = {isa = PBXFileReference; explicitFileType = wrapper.cfbundle; includeInIndex = 0; path = SticktimeUITests.xctest; sourceTree = BUILT_PRODUCTS_DIR; };
		32CF1BCA20C215CA000480FB /* SticktimeUITests.swift */ = {isa = PBXFileReference; lastKnownFileType = sourcecode.swift; path = SticktimeUITests.swift; sourceTree = "<group>"; };
		32CF1BCC20C215CA000480FB /* Info.plist */ = {isa = PBXFileReference; lastKnownFileType = text.plist.xml; path = Info.plist; sourceTree = "<group>"; };
		42A29C6180A939405AE34675 /* Pods-SticktimeUITests.debug.xcconfig */ = {isa = PBXFileReference; includeInIndex = 1; lastKnownFileType = text.xcconfig; name = "Pods-SticktimeUITests.debug.xcconfig"; path = "Pods/Target Support Files/Pods-SticktimeUITests/Pods-SticktimeUITests.debug.xcconfig"; sourceTree = "<group>"; };
		61DC4020C9029E4C980CD820 /* Pods_SticktimeUITests.framework */ = {isa = PBXFileReference; explicitFileType = wrapper.framework; includeInIndex = 0; path = Pods_SticktimeUITests.framework; sourceTree = BUILT_PRODUCTS_DIR; };
		66D4BC8D90D204B5EA644AE7 /* Pods-Sticktime.debug.xcconfig */ = {isa = PBXFileReference; includeInIndex = 1; lastKnownFileType = text.xcconfig; name = "Pods-Sticktime.debug.xcconfig"; path = "Pods/Target Support Files/Pods-Sticktime/Pods-Sticktime.debug.xcconfig"; sourceTree = "<group>"; };
		68E33B69B6E1EE4C61FC2422 /* Pods_Sticktime.framework */ = {isa = PBXFileReference; explicitFileType = wrapper.framework; includeInIndex = 0; path = Pods_Sticktime.framework; sourceTree = BUILT_PRODUCTS_DIR; };
		8280370A20D20DBE005DAD1F /* GoogleService-Info.plist */ = {isa = PBXFileReference; fileEncoding = 4; lastKnownFileType = text.plist.xml; path = "GoogleService-Info.plist"; sourceTree = "<group>"; };
		828748AE20CDB86000E55F56 /* User.swift */ = {isa = PBXFileReference; lastKnownFileType = sourcecode.swift; path = User.swift; sourceTree = "<group>"; };
		828748B020CDBA7400E55F56 /* Player.swift */ = {isa = PBXFileReference; lastKnownFileType = sourcecode.swift; path = Player.swift; sourceTree = "<group>"; };
		828F7B8220D4A67D00B6FD75 /* CollectionReusableView.swift */ = {isa = PBXFileReference; lastKnownFileType = sourcecode.swift; path = CollectionReusableView.swift; sourceTree = "<group>"; };
		852D39AC7C364365827689C1 /* Pods-SticktimeTests.release.xcconfig */ = {isa = PBXFileReference; includeInIndex = 1; lastKnownFileType = text.xcconfig; name = "Pods-SticktimeTests.release.xcconfig"; path = "Pods/Target Support Files/Pods-SticktimeTests/Pods-SticktimeTests.release.xcconfig"; sourceTree = "<group>"; };
		ADB009EDEED00138BA4C86C0 /* Pods-SticktimeTests.debug.xcconfig */ = {isa = PBXFileReference; includeInIndex = 1; lastKnownFileType = text.xcconfig; name = "Pods-SticktimeTests.debug.xcconfig"; path = "Pods/Target Support Files/Pods-SticktimeTests/Pods-SticktimeTests.debug.xcconfig"; sourceTree = "<group>"; };
		BEA4871A26911F537585AC16 /* Pods-Sticktime.release.xcconfig */ = {isa = PBXFileReference; includeInIndex = 1; lastKnownFileType = text.xcconfig; name = "Pods-Sticktime.release.xcconfig"; path = "Pods/Target Support Files/Pods-Sticktime/Pods-Sticktime.release.xcconfig"; sourceTree = "<group>"; };
		E37F83B51935F7D64216F790 /* Pods_SticktimeTests.framework */ = {isa = PBXFileReference; explicitFileType = wrapper.framework; includeInIndex = 0; path = Pods_SticktimeTests.framework; sourceTree = BUILT_PRODUCTS_DIR; };
/* End PBXFileReference section */

/* Begin PBXFrameworksBuildPhase section */
		32CF1BA120C215C9000480FB /* Frameworks */ = {
			isa = PBXFrameworksBuildPhase;
			buildActionMask = 2147483647;
			files = (
				241FF4DE57E31D8CAD95E08C /* Pods_Sticktime.framework in Frameworks */,
			);
			runOnlyForDeploymentPostprocessing = 0;
		};
		32CF1BB820C215CA000480FB /* Frameworks */ = {
			isa = PBXFrameworksBuildPhase;
			buildActionMask = 2147483647;
			files = (
				43F9A4FA45676EC3462CF4CB /* Pods_SticktimeTests.framework in Frameworks */,
			);
			runOnlyForDeploymentPostprocessing = 0;
		};
		32CF1BC320C215CA000480FB /* Frameworks */ = {
			isa = PBXFrameworksBuildPhase;
			buildActionMask = 2147483647;
			files = (
				D05099B34A8EC634265EA062 /* Pods_SticktimeUITests.framework in Frameworks */,
			);
			runOnlyForDeploymentPostprocessing = 0;
		};
/* End PBXFrameworksBuildPhase section */

/* Begin PBXGroup section */
		2001CB2E727505675AF2A69B /* Frameworks */ = {
			isa = PBXGroup;
			children = (
				68E33B69B6E1EE4C61FC2422 /* Pods_Sticktime.framework */,
				E37F83B51935F7D64216F790 /* Pods_SticktimeTests.framework */,
				61DC4020C9029E4C980CD820 /* Pods_SticktimeUITests.framework */,
			);
			name = Frameworks;
			sourceTree = "<group>";
		};
		322391F720D1ADFF00B9E977 /* Controller */ = {
			isa = PBXGroup;
			children = (
				32CF1BA920C215C9000480FB /* ViewController.swift */,
				32BCBF1220CC450400B07040 /* TeamEntryTableViewController.swift */,
			);
			path = Controller;
			sourceTree = "<group>";
		};
		322391F820D1AE6300B9E977 /* View */ = {
			isa = PBXGroup;
			children = (
				32CF1BB320C215CA000480FB /* LaunchScreen.storyboard */,
				32CF1BAB20C215C9000480FB /* Main.storyboard */,
				32BCBF1620CC4DEB00B07040 /* TableViewCell.swift */,
				32BEC2B220C21DCC002ED448 /* CollectionViewCell.swift */,
				828F7B8220D4A67D00B6FD75 /* CollectionReusableView.swift */,
			);
			path = View;
			sourceTree = "<group>";
		};
		32CF1B9B20C215C9000480FB = {
			isa = PBXGroup;
			children = (
				32CF1BA620C215C9000480FB /* Sticktime */,
				32CF1BBE20C215CA000480FB /* SticktimeTests */,
				32CF1BC920C215CA000480FB /* SticktimeUITests */,
				32CF1BA520C215C9000480FB /* Products */,
				C60849C3C6E7239E8E099EF7 /* Pods */,
				2001CB2E727505675AF2A69B /* Frameworks */,
			);
			sourceTree = "<group>";
		};
		32CF1BA520C215C9000480FB /* Products */ = {
			isa = PBXGroup;
			children = (
				32CF1BA420C215C9000480FB /* Sticktime.app */,
				32CF1BBB20C215CA000480FB /* SticktimeTests.xctest */,
				32CF1BC620C215CA000480FB /* SticktimeUITests.xctest */,
			);
			name = Products;
			sourceTree = "<group>";
		};
		32CF1BA620C215C9000480FB /* Sticktime */ = {
			isa = PBXGroup;
			children = (
				32CF1BA720C215C9000480FB /* AppDelegate.swift */,
				828748B220CDBCA400E55F56 /* Model */,
				322391F820D1AE6300B9E977 /* View */,
				322391F720D1ADFF00B9E977 /* Controller */,
				32CF1BB120C215CA000480FB /* Assets.xcassets */,
				32CF1BB620C215CA000480FB /* Info.plist */,
				8280370A20D20DBE005DAD1F /* GoogleService-Info.plist */,
				32CF1BAE20C215C9000480FB /* Sticktime.xcdatamodeld */,
			);
			path = Sticktime;
			sourceTree = "<group>";
		};
		32CF1BBE20C215CA000480FB /* SticktimeTests */ = {
			isa = PBXGroup;
			children = (
				32CF1BBF20C215CA000480FB /* SticktimeTests.swift */,
				32CF1BC120C215CA000480FB /* Info.plist */,
			);
			path = SticktimeTests;
			sourceTree = "<group>";
		};
		32CF1BC920C215CA000480FB /* SticktimeUITests */ = {
			isa = PBXGroup;
			children = (
				32CF1BCA20C215CA000480FB /* SticktimeUITests.swift */,
				32CF1BCC20C215CA000480FB /* Info.plist */,
			);
			path = SticktimeUITests;
			sourceTree = "<group>";
		};
		828748B220CDBCA400E55F56 /* Model */ = {
			isa = PBXGroup;
			children = (
				828748B020CDBA7400E55F56 /* Player.swift */,
				828748AE20CDB86000E55F56 /* User.swift */,
			);
			path = Model;
			sourceTree = "<group>";
		};
		C60849C3C6E7239E8E099EF7 /* Pods */ = {
			isa = PBXGroup;
			children = (
				66D4BC8D90D204B5EA644AE7 /* Pods-Sticktime.debug.xcconfig */,
				BEA4871A26911F537585AC16 /* Pods-Sticktime.release.xcconfig */,
				ADB009EDEED00138BA4C86C0 /* Pods-SticktimeTests.debug.xcconfig */,
				852D39AC7C364365827689C1 /* Pods-SticktimeTests.release.xcconfig */,
				42A29C6180A939405AE34675 /* Pods-SticktimeUITests.debug.xcconfig */,
				1ADD7515E312ADD4B8FCA39B /* Pods-SticktimeUITests.release.xcconfig */,
			);
			name = Pods;
			sourceTree = "<group>";
		};
/* End PBXGroup section */

/* Begin PBXNativeTarget section */
		32CF1BA320C215C9000480FB /* Sticktime */ = {
			isa = PBXNativeTarget;
			buildConfigurationList = 32CF1BCF20C215CA000480FB /* Build configuration list for PBXNativeTarget "Sticktime" */;
			buildPhases = (
				5C1205ECE05878B8648DAE33 /* [CP] Check Pods Manifest.lock */,
				32CF1BA020C215C9000480FB /* Sources */,
				32CF1BA120C215C9000480FB /* Frameworks */,
				32CF1BA220C215C9000480FB /* Resources */,
				54497C1817100D6FB12F7844 /* [CP] Embed Pods Frameworks */,
			);
			buildRules = (
			);
			dependencies = (
			);
			name = Sticktime;
			productName = Sticktime;
			productReference = 32CF1BA420C215C9000480FB /* Sticktime.app */;
			productType = "com.apple.product-type.application";
		};
		32CF1BBA20C215CA000480FB /* SticktimeTests */ = {
			isa = PBXNativeTarget;
			buildConfigurationList = 32CF1BD220C215CA000480FB /* Build configuration list for PBXNativeTarget "SticktimeTests" */;
			buildPhases = (
				A3974B666D51529F9A8D03F1 /* [CP] Check Pods Manifest.lock */,
				32CF1BB720C215CA000480FB /* Sources */,
				32CF1BB820C215CA000480FB /* Frameworks */,
				32CF1BB920C215CA000480FB /* Resources */,
			);
			buildRules = (
			);
			dependencies = (
				32CF1BBD20C215CA000480FB /* PBXTargetDependency */,
			);
			name = SticktimeTests;
			productName = SticktimeTests;
			productReference = 32CF1BBB20C215CA000480FB /* SticktimeTests.xctest */;
			productType = "com.apple.product-type.bundle.unit-test";
		};
		32CF1BC520C215CA000480FB /* SticktimeUITests */ = {
			isa = PBXNativeTarget;
			buildConfigurationList = 32CF1BD520C215CA000480FB /* Build configuration list for PBXNativeTarget "SticktimeUITests" */;
			buildPhases = (
				806B80B362D3E7FA33146B5E /* [CP] Check Pods Manifest.lock */,
				32CF1BC220C215CA000480FB /* Sources */,
				32CF1BC320C215CA000480FB /* Frameworks */,
				32CF1BC420C215CA000480FB /* Resources */,
			);
			buildRules = (
			);
			dependencies = (
				32CF1BC820C215CA000480FB /* PBXTargetDependency */,
			);
			name = SticktimeUITests;
			productName = SticktimeUITests;
			productReference = 32CF1BC620C215CA000480FB /* SticktimeUITests.xctest */;
			productType = "com.apple.product-type.bundle.ui-testing";
		};
/* End PBXNativeTarget section */

/* Begin PBXProject section */
		32CF1B9C20C215C9000480FB /* Project object */ = {
			isa = PBXProject;
			attributes = {
				LastSwiftUpdateCheck = 0940;
				LastUpgradeCheck = 0940;
				ORGANIZATIONNAME = "Zachary Maciejewski";
				TargetAttributes = {
					32CF1BA320C215C9000480FB = {
						CreatedOnToolsVersion = 9.4;
					};
					32CF1BBA20C215CA000480FB = {
						CreatedOnToolsVersion = 9.4;
						TestTargetID = 32CF1BA320C215C9000480FB;
					};
					32CF1BC520C215CA000480FB = {
						CreatedOnToolsVersion = 9.4;
						TestTargetID = 32CF1BA320C215C9000480FB;
					};
				};
			};
			buildConfigurationList = 32CF1B9F20C215C9000480FB /* Build configuration list for PBXProject "Sticktime" */;
			compatibilityVersion = "Xcode 9.3";
			developmentRegion = en;
			hasScannedForEncodings = 0;
			knownRegions = (
				en,
				Base,
			);
			mainGroup = 32CF1B9B20C215C9000480FB;
			productRefGroup = 32CF1BA520C215C9000480FB /* Products */;
			projectDirPath = "";
			projectRoot = "";
			targets = (
				32CF1BA320C215C9000480FB /* Sticktime */,
				32CF1BBA20C215CA000480FB /* SticktimeTests */,
				32CF1BC520C215CA000480FB /* SticktimeUITests */,
			);
		};
/* End PBXProject section */

/* Begin PBXResourcesBuildPhase section */
		32CF1BA220C215C9000480FB /* Resources */ = {
			isa = PBXResourcesBuildPhase;
			buildActionMask = 2147483647;
			files = (
				32CF1BB520C215CA000480FB /* LaunchScreen.storyboard in Resources */,
				8280370B20D20DBE005DAD1F /* GoogleService-Info.plist in Resources */,
				32CF1BB220C215CA000480FB /* Assets.xcassets in Resources */,
				32CF1BAD20C215C9000480FB /* Main.storyboard in Resources */,
			);
			runOnlyForDeploymentPostprocessing = 0;
		};
		32CF1BB920C215CA000480FB /* Resources */ = {
			isa = PBXResourcesBuildPhase;
			buildActionMask = 2147483647;
			files = (
			);
			runOnlyForDeploymentPostprocessing = 0;
		};
		32CF1BC420C215CA000480FB /* Resources */ = {
			isa = PBXResourcesBuildPhase;
			buildActionMask = 2147483647;
			files = (
			);
			runOnlyForDeploymentPostprocessing = 0;
		};
/* End PBXResourcesBuildPhase section */

/* Begin PBXShellScriptBuildPhase section */
		54497C1817100D6FB12F7844 /* [CP] Embed Pods Frameworks */ = {
			isa = PBXShellScriptBuildPhase;
			buildActionMask = 2147483647;
			files = (
			);
			inputPaths = (
				"${SRCROOT}/Pods/Target Support Files/Pods-Sticktime/Pods-Sticktime-frameworks.sh",
				"${BUILT_PRODUCTS_DIR}/GTMSessionFetcher/GTMSessionFetcher.framework",
				"${BUILT_PRODUCTS_DIR}/GoogleToolboxForMac/GoogleToolboxForMac.framework",
				"${BUILT_PRODUCTS_DIR}/leveldb-library/leveldb.framework",
				"${BUILT_PRODUCTS_DIR}/nanopb/nanopb.framework",
			);
			name = "[CP] Embed Pods Frameworks";
			outputPaths = (
				"${TARGET_BUILD_DIR}/${FRAMEWORKS_FOLDER_PATH}/GTMSessionFetcher.framework",
				"${TARGET_BUILD_DIR}/${FRAMEWORKS_FOLDER_PATH}/GoogleToolboxForMac.framework",
				"${TARGET_BUILD_DIR}/${FRAMEWORKS_FOLDER_PATH}/leveldb.framework",
				"${TARGET_BUILD_DIR}/${FRAMEWORKS_FOLDER_PATH}/nanopb.framework",
			);
			runOnlyForDeploymentPostprocessing = 0;
			shellPath = /bin/sh;
			shellScript = "\"${SRCROOT}/Pods/Target Support Files/Pods-Sticktime/Pods-Sticktime-frameworks.sh\"\n";
			showEnvVarsInLog = 0;
		};
		5C1205ECE05878B8648DAE33 /* [CP] Check Pods Manifest.lock */ = {
			isa = PBXShellScriptBuildPhase;
			buildActionMask = 2147483647;
			files = (
			);
			inputPaths = (
				"${PODS_PODFILE_DIR_PATH}/Podfile.lock",
				"${PODS_ROOT}/Manifest.lock",
			);
			name = "[CP] Check Pods Manifest.lock";
			outputPaths = (
				"$(DERIVED_FILE_DIR)/Pods-Sticktime-checkManifestLockResult.txt",
			);
			runOnlyForDeploymentPostprocessing = 0;
			shellPath = /bin/sh;
			shellScript = "diff \"${PODS_PODFILE_DIR_PATH}/Podfile.lock\" \"${PODS_ROOT}/Manifest.lock\" > /dev/null\nif [ $? != 0 ] ; then\n    # print error to STDERR\n    echo \"error: The sandbox is not in sync with the Podfile.lock. Run 'pod install' or update your CocoaPods installation.\" >&2\n    exit 1\nfi\n# This output is used by Xcode 'outputs' to avoid re-running this script phase.\necho \"SUCCESS\" > \"${SCRIPT_OUTPUT_FILE_0}\"\n";
			showEnvVarsInLog = 0;
		};
		806B80B362D3E7FA33146B5E /* [CP] Check Pods Manifest.lock */ = {
			isa = PBXShellScriptBuildPhase;
			buildActionMask = 2147483647;
			files = (
			);
			inputPaths = (
				"${PODS_PODFILE_DIR_PATH}/Podfile.lock",
				"${PODS_ROOT}/Manifest.lock",
			);
			name = "[CP] Check Pods Manifest.lock";
			outputPaths = (
				"$(DERIVED_FILE_DIR)/Pods-SticktimeUITests-checkManifestLockResult.txt",
			);
			runOnlyForDeploymentPostprocessing = 0;
			shellPath = /bin/sh;
			shellScript = "diff \"${PODS_PODFILE_DIR_PATH}/Podfile.lock\" \"${PODS_ROOT}/Manifest.lock\" > /dev/null\nif [ $? != 0 ] ; then\n    # print error to STDERR\n    echo \"error: The sandbox is not in sync with the Podfile.lock. Run 'pod install' or update your CocoaPods installation.\" >&2\n    exit 1\nfi\n# This output is used by Xcode 'outputs' to avoid re-running this script phase.\necho \"SUCCESS\" > \"${SCRIPT_OUTPUT_FILE_0}\"\n";
			showEnvVarsInLog = 0;
		};
		A3974B666D51529F9A8D03F1 /* [CP] Check Pods Manifest.lock */ = {
			isa = PBXShellScriptBuildPhase;
			buildActionMask = 2147483647;
			files = (
			);
			inputPaths = (
				"${PODS_PODFILE_DIR_PATH}/Podfile.lock",
				"${PODS_ROOT}/Manifest.lock",
			);
			name = "[CP] Check Pods Manifest.lock";
			outputPaths = (
				"$(DERIVED_FILE_DIR)/Pods-SticktimeTests-checkManifestLockResult.txt",
			);
			runOnlyForDeploymentPostprocessing = 0;
			shellPath = /bin/sh;
			shellScript = "diff \"${PODS_PODFILE_DIR_PATH}/Podfile.lock\" \"${PODS_ROOT}/Manifest.lock\" > /dev/null\nif [ $? != 0 ] ; then\n    # print error to STDERR\n    echo \"error: The sandbox is not in sync with the Podfile.lock. Run 'pod install' or update your CocoaPods installation.\" >&2\n    exit 1\nfi\n# This output is used by Xcode 'outputs' to avoid re-running this script phase.\necho \"SUCCESS\" > \"${SCRIPT_OUTPUT_FILE_0}\"\n";
			showEnvVarsInLog = 0;
		};
/* End PBXShellScriptBuildPhase section */

/* Begin PBXSourcesBuildPhase section */
		32CF1BA020C215C9000480FB /* Sources */ = {
			isa = PBXSourcesBuildPhase;
			buildActionMask = 2147483647;
			files = (
				828F7B8320D4A67D00B6FD75 /* CollectionReusableView.swift in Sources */,
				32CF1BB020C215C9000480FB /* Sticktime.xcdatamodeld in Sources */,
				32BCBF1320CC450400B07040 /* TeamEntryTableViewController.swift in Sources */,
				32CF1BAA20C215C9000480FB /* ViewController.swift in Sources */,
				32BEC2B320C21DCC002ED448 /* CollectionViewCell.swift in Sources */,
				828748AF20CDB86000E55F56 /* User.swift in Sources */,
				828748B120CDBA7400E55F56 /* Player.swift in Sources */,
				32BCBF1720CC4DEB00B07040 /* TableViewCell.swift in Sources */,
				32CF1BA820C215C9000480FB /* AppDelegate.swift in Sources */,
			);
			runOnlyForDeploymentPostprocessing = 0;
		};
		32CF1BB720C215CA000480FB /* Sources */ = {
			isa = PBXSourcesBuildPhase;
			buildActionMask = 2147483647;
			files = (
				32CF1BC020C215CA000480FB /* SticktimeTests.swift in Sources */,
			);
			runOnlyForDeploymentPostprocessing = 0;
		};
		32CF1BC220C215CA000480FB /* Sources */ = {
			isa = PBXSourcesBuildPhase;
			buildActionMask = 2147483647;
			files = (
				32CF1BCB20C215CA000480FB /* SticktimeUITests.swift in Sources */,
			);
			runOnlyForDeploymentPostprocessing = 0;
		};
/* End PBXSourcesBuildPhase section */

/* Begin PBXTargetDependency section */
		32CF1BBD20C215CA000480FB /* PBXTargetDependency */ = {
			isa = PBXTargetDependency;
			target = 32CF1BA320C215C9000480FB /* Sticktime */;
			targetProxy = 32CF1BBC20C215CA000480FB /* PBXContainerItemProxy */;
		};
		32CF1BC820C215CA000480FB /* PBXTargetDependency */ = {
			isa = PBXTargetDependency;
			target = 32CF1BA320C215C9000480FB /* Sticktime */;
			targetProxy = 32CF1BC720C215CA000480FB /* PBXContainerItemProxy */;
		};
/* End PBXTargetDependency section */

/* Begin PBXVariantGroup section */
		32CF1BAB20C215C9000480FB /* Main.storyboard */ = {
			isa = PBXVariantGroup;
			children = (
				32CF1BAC20C215C9000480FB /* Base */,
			);
			name = Main.storyboard;
			sourceTree = "<group>";
		};
		32CF1BB320C215CA000480FB /* LaunchScreen.storyboard */ = {
			isa = PBXVariantGroup;
			children = (
				32CF1BB420C215CA000480FB /* Base */,
			);
			name = LaunchScreen.storyboard;
			sourceTree = "<group>";
		};
/* End PBXVariantGroup section */

/* Begin XCBuildConfiguration section */
		32CF1BCD20C215CA000480FB /* Debug */ = {
			isa = XCBuildConfiguration;
			buildSettings = {
				ALWAYS_SEARCH_USER_PATHS = NO;
				CLANG_ANALYZER_NONNULL = YES;
				CLANG_ANALYZER_NUMBER_OBJECT_CONVERSION = YES_AGGRESSIVE;
				CLANG_CXX_LANGUAGE_STANDARD = "gnu++14";
				CLANG_CXX_LIBRARY = "libc++";
				CLANG_ENABLE_MODULES = YES;
				CLANG_ENABLE_OBJC_ARC = YES;
				CLANG_ENABLE_OBJC_WEAK = YES;
				CLANG_WARN_BLOCK_CAPTURE_AUTORELEASING = YES;
				CLANG_WARN_BOOL_CONVERSION = YES;
				CLANG_WARN_COMMA = YES;
				CLANG_WARN_CONSTANT_CONVERSION = YES;
				CLANG_WARN_DEPRECATED_OBJC_IMPLEMENTATIONS = YES;
				CLANG_WARN_DIRECT_OBJC_ISA_USAGE = YES_ERROR;
				CLANG_WARN_DOCUMENTATION_COMMENTS = YES;
				CLANG_WARN_EMPTY_BODY = YES;
				CLANG_WARN_ENUM_CONVERSION = YES;
				CLANG_WARN_INFINITE_RECURSION = YES;
				CLANG_WARN_INT_CONVERSION = YES;
				CLANG_WARN_NON_LITERAL_NULL_CONVERSION = YES;
				CLANG_WARN_OBJC_IMPLICIT_RETAIN_SELF = YES;
				CLANG_WARN_OBJC_LITERAL_CONVERSION = YES;
				CLANG_WARN_OBJC_ROOT_CLASS = YES_ERROR;
				CLANG_WARN_RANGE_LOOP_ANALYSIS = YES;
				CLANG_WARN_STRICT_PROTOTYPES = YES;
				CLANG_WARN_SUSPICIOUS_MOVE = YES;
				CLANG_WARN_UNGUARDED_AVAILABILITY = YES_AGGRESSIVE;
				CLANG_WARN_UNREACHABLE_CODE = YES;
				CLANG_WARN__DUPLICATE_METHOD_MATCH = YES;
				CODE_SIGN_IDENTITY = "iPhone Developer";
				COPY_PHASE_STRIP = NO;
				DEBUG_INFORMATION_FORMAT = dwarf;
				ENABLE_STRICT_OBJC_MSGSEND = YES;
				ENABLE_TESTABILITY = YES;
				GCC_C_LANGUAGE_STANDARD = gnu11;
				GCC_DYNAMIC_NO_PIC = NO;
				GCC_NO_COMMON_BLOCKS = YES;
				GCC_OPTIMIZATION_LEVEL = 0;
				GCC_PREPROCESSOR_DEFINITIONS = (
					"DEBUG=1",
					"$(inherited)",
				);
				GCC_WARN_64_TO_32_BIT_CONVERSION = YES;
				GCC_WARN_ABOUT_RETURN_TYPE = YES_ERROR;
				GCC_WARN_UNDECLARED_SELECTOR = YES;
				GCC_WARN_UNINITIALIZED_AUTOS = YES_AGGRESSIVE;
				GCC_WARN_UNUSED_FUNCTION = YES;
				GCC_WARN_UNUSED_VARIABLE = YES;
				IPHONEOS_DEPLOYMENT_TARGET = 11.4;
				MTL_ENABLE_DEBUG_INFO = YES;
				ONLY_ACTIVE_ARCH = YES;
				SDKROOT = iphoneos;
				SWIFT_ACTIVE_COMPILATION_CONDITIONS = DEBUG;
				SWIFT_OPTIMIZATION_LEVEL = "-Onone";
			};
			name = Debug;
		};
		32CF1BCE20C215CA000480FB /* Release */ = {
			isa = XCBuildConfiguration;
			buildSettings = {
				ALWAYS_SEARCH_USER_PATHS = NO;
				CLANG_ANALYZER_NONNULL = YES;
				CLANG_ANALYZER_NUMBER_OBJECT_CONVERSION = YES_AGGRESSIVE;
				CLANG_CXX_LANGUAGE_STANDARD = "gnu++14";
				CLANG_CXX_LIBRARY = "libc++";
				CLANG_ENABLE_MODULES = YES;
				CLANG_ENABLE_OBJC_ARC = YES;
				CLANG_ENABLE_OBJC_WEAK = YES;
				CLANG_WARN_BLOCK_CAPTURE_AUTORELEASING = YES;
				CLANG_WARN_BOOL_CONVERSION = YES;
				CLANG_WARN_COMMA = YES;
				CLANG_WARN_CONSTANT_CONVERSION = YES;
				CLANG_WARN_DEPRECATED_OBJC_IMPLEMENTATIONS = YES;
				CLANG_WARN_DIRECT_OBJC_ISA_USAGE = YES_ERROR;
				CLANG_WARN_DOCUMENTATION_COMMENTS = YES;
				CLANG_WARN_EMPTY_BODY = YES;
				CLANG_WARN_ENUM_CONVERSION = YES;
				CLANG_WARN_INFINITE_RECURSION = YES;
				CLANG_WARN_INT_CONVERSION = YES;
				CLANG_WARN_NON_LITERAL_NULL_CONVERSION = YES;
				CLANG_WARN_OBJC_IMPLICIT_RETAIN_SELF = YES;
				CLANG_WARN_OBJC_LITERAL_CONVERSION = YES;
				CLANG_WARN_OBJC_ROOT_CLASS = YES_ERROR;
				CLANG_WARN_RANGE_LOOP_ANALYSIS = YES;
				CLANG_WARN_STRICT_PROTOTYPES = YES;
				CLANG_WARN_SUSPICIOUS_MOVE = YES;
				CLANG_WARN_UNGUARDED_AVAILABILITY = YES_AGGRESSIVE;
				CLANG_WARN_UNREACHABLE_CODE = YES;
				CLANG_WARN__DUPLICATE_METHOD_MATCH = YES;
				CODE_SIGN_IDENTITY = "iPhone Developer";
				COPY_PHASE_STRIP = NO;
				DEBUG_INFORMATION_FORMAT = "dwarf-with-dsym";
				ENABLE_NS_ASSERTIONS = NO;
				ENABLE_STRICT_OBJC_MSGSEND = YES;
				GCC_C_LANGUAGE_STANDARD = gnu11;
				GCC_NO_COMMON_BLOCKS = YES;
				GCC_WARN_64_TO_32_BIT_CONVERSION = YES;
				GCC_WARN_ABOUT_RETURN_TYPE = YES_ERROR;
				GCC_WARN_UNDECLARED_SELECTOR = YES;
				GCC_WARN_UNINITIALIZED_AUTOS = YES_AGGRESSIVE;
				GCC_WARN_UNUSED_FUNCTION = YES;
				GCC_WARN_UNUSED_VARIABLE = YES;
				IPHONEOS_DEPLOYMENT_TARGET = 11.4;
				MTL_ENABLE_DEBUG_INFO = NO;
				SDKROOT = iphoneos;
				SWIFT_COMPILATION_MODE = wholemodule;
				SWIFT_OPTIMIZATION_LEVEL = "-O";
				VALIDATE_PRODUCT = YES;
			};
			name = Release;
		};
		32CF1BD020C215CA000480FB /* Debug */ = {
			isa = XCBuildConfiguration;
			baseConfigurationReference = 66D4BC8D90D204B5EA644AE7 /* Pods-Sticktime.debug.xcconfig */;
			buildSettings = {
				ASSETCATALOG_COMPILER_APPICON_NAME = AppIcon;
				CODE_SIGN_STYLE = Automatic;
				DEVELOPMENT_TEAM = FNL2LKL956;
				INFOPLIST_FILE = Sticktime/Info.plist;
				LD_RUNPATH_SEARCH_PATHS = (
					"$(inherited)",
					"@executable_path/Frameworks",
				);
				PRODUCT_BUNDLE_IDENTIFIER = com.ZacharyMaciejewski.Sticktime;
				PRODUCT_NAME = "$(TARGET_NAME)";
				SWIFT_VERSION = 4.0;
				TARGETED_DEVICE_FAMILY = "1,2";
			};
			name = Debug;
		};
		32CF1BD120C215CA000480FB /* Release */ = {
			isa = XCBuildConfiguration;
			baseConfigurationReference = BEA4871A26911F537585AC16 /* Pods-Sticktime.release.xcconfig */;
			buildSettings = {
				ASSETCATALOG_COMPILER_APPICON_NAME = AppIcon;
				CODE_SIGN_STYLE = Automatic;
				DEVELOPMENT_TEAM = FNL2LKL956;
				INFOPLIST_FILE = Sticktime/Info.plist;
				LD_RUNPATH_SEARCH_PATHS = (
					"$(inherited)",
					"@executable_path/Frameworks",
				);
				PRODUCT_BUNDLE_IDENTIFIER = com.ZacharyMaciejewski.Sticktime;
				PRODUCT_NAME = "$(TARGET_NAME)";
				SWIFT_VERSION = 4.0;
				TARGETED_DEVICE_FAMILY = "1,2";
			};
			name = Release;
		};
		32CF1BD320C215CA000480FB /* Debug */ = {
			isa = XCBuildConfiguration;
			baseConfigurationReference = ADB009EDEED00138BA4C86C0 /* Pods-SticktimeTests.debug.xcconfig */;
			buildSettings = {
				ALWAYS_EMBED_SWIFT_STANDARD_LIBRARIES = YES;
				BUNDLE_LOADER = "$(TEST_HOST)";
				CODE_SIGN_STYLE = Automatic;
				INFOPLIST_FILE = SticktimeTests/Info.plist;
				LD_RUNPATH_SEARCH_PATHS = (
					"$(inherited)",
					"@executable_path/Frameworks",
					"@loader_path/Frameworks",
				);
				PRODUCT_BUNDLE_IDENTIFIER = com.ZacharyMaciejewski.SticktimeTests;
				PRODUCT_NAME = "$(TARGET_NAME)";
				SWIFT_VERSION = 4.0;
				TARGETED_DEVICE_FAMILY = "1,2";
				TEST_HOST = "$(BUILT_PRODUCTS_DIR)/Sticktime.app/Sticktime";
			};
			name = Debug;
		};
		32CF1BD420C215CA000480FB /* Release */ = {
			isa = XCBuildConfiguration;
			baseConfigurationReference = 852D39AC7C364365827689C1 /* Pods-SticktimeTests.release.xcconfig */;
			buildSettings = {
				ALWAYS_EMBED_SWIFT_STANDARD_LIBRARIES = YES;
				BUNDLE_LOADER = "$(TEST_HOST)";
				CODE_SIGN_STYLE = Automatic;
				INFOPLIST_FILE = SticktimeTests/Info.plist;
				LD_RUNPATH_SEARCH_PATHS = (
					"$(inherited)",
					"@executable_path/Frameworks",
					"@loader_path/Frameworks",
				);
				PRODUCT_BUNDLE_IDENTIFIER = com.ZacharyMaciejewski.SticktimeTests;
				PRODUCT_NAME = "$(TARGET_NAME)";
				SWIFT_VERSION = 4.0;
				TARGETED_DEVICE_FAMILY = "1,2";
				TEST_HOST = "$(BUILT_PRODUCTS_DIR)/Sticktime.app/Sticktime";
			};
			name = Release;
		};
		32CF1BD620C215CA000480FB /* Debug */ = {
			isa = XCBuildConfiguration;
			baseConfigurationReference = 42A29C6180A939405AE34675 /* Pods-SticktimeUITests.debug.xcconfig */;
			buildSettings = {
				ALWAYS_EMBED_SWIFT_STANDARD_LIBRARIES = YES;
				CODE_SIGN_STYLE = Automatic;
				INFOPLIST_FILE = SticktimeUITests/Info.plist;
				LD_RUNPATH_SEARCH_PATHS = (
					"$(inherited)",
					"@executable_path/Frameworks",
					"@loader_path/Frameworks",
				);
				PRODUCT_BUNDLE_IDENTIFIER = com.ZacharyMaciejewski.SticktimeUITests;
				PRODUCT_NAME = "$(TARGET_NAME)";
				SWIFT_VERSION = 4.0;
				TARGETED_DEVICE_FAMILY = "1,2";
				TEST_TARGET_NAME = Sticktime;
			};
			name = Debug;
		};
		32CF1BD720C215CA000480FB /* Release */ = {
			isa = XCBuildConfiguration;
			baseConfigurationReference = 1ADD7515E312ADD4B8FCA39B /* Pods-SticktimeUITests.release.xcconfig */;
			buildSettings = {
				ALWAYS_EMBED_SWIFT_STANDARD_LIBRARIES = YES;
				CODE_SIGN_STYLE = Automatic;
				INFOPLIST_FILE = SticktimeUITests/Info.plist;
				LD_RUNPATH_SEARCH_PATHS = (
					"$(inherited)",
					"@executable_path/Frameworks",
					"@loader_path/Frameworks",
				);
				PRODUCT_BUNDLE_IDENTIFIER = com.ZacharyMaciejewski.SticktimeUITests;
				PRODUCT_NAME = "$(TARGET_NAME)";
				SWIFT_VERSION = 4.0;
				TARGETED_DEVICE_FAMILY = "1,2";
				TEST_TARGET_NAME = Sticktime;
			};
			name = Release;
		};
/* End XCBuildConfiguration section */

/* Begin XCConfigurationList section */
		32CF1B9F20C215C9000480FB /* Build configuration list for PBXProject "Sticktime" */ = {
			isa = XCConfigurationList;
			buildConfigurations = (
				32CF1BCD20C215CA000480FB /* Debug */,
				32CF1BCE20C215CA000480FB /* Release */,
			);
			defaultConfigurationIsVisible = 0;
			defaultConfigurationName = Release;
		};
		32CF1BCF20C215CA000480FB /* Build configuration list for PBXNativeTarget "Sticktime" */ = {
			isa = XCConfigurationList;
			buildConfigurations = (
				32CF1BD020C215CA000480FB /* Debug */,
				32CF1BD120C215CA000480FB /* Release */,
			);
			defaultConfigurationIsVisible = 0;
			defaultConfigurationName = Release;
		};
		32CF1BD220C215CA000480FB /* Build configuration list for PBXNativeTarget "SticktimeTests" */ = {
			isa = XCConfigurationList;
			buildConfigurations = (
				32CF1BD320C215CA000480FB /* Debug */,
				32CF1BD420C215CA000480FB /* Release */,
			);
			defaultConfigurationIsVisible = 0;
			defaultConfigurationName = Release;
		};
		32CF1BD520C215CA000480FB /* Build configuration list for PBXNativeTarget "SticktimeUITests" */ = {
			isa = XCConfigurationList;
			buildConfigurations = (
				32CF1BD620C215CA000480FB /* Debug */,
				32CF1BD720C215CA000480FB /* Release */,
			);
			defaultConfigurationIsVisible = 0;
			defaultConfigurationName = Release;
		};
/* End XCConfigurationList section */

/* Begin XCVersionGroup section */
		32CF1BAE20C215C9000480FB /* Sticktime.xcdatamodeld */ = {
			isa = XCVersionGroup;
			children = (
				32CF1BAF20C215C9000480FB /* Sticktime.xcdatamodel */,
			);
			currentVersion = 32CF1BAF20C215C9000480FB /* Sticktime.xcdatamodel */;
			path = Sticktime.xcdatamodeld;
			sourceTree = "<group>";
			versionGroupType = wrapper.xcdatamodel;
		};
/* End XCVersionGroup section */
	};
	rootObject = 32CF1B9C20C215C9000480FB /* Project object */;
}
